
Microsoft Visual Studio Solution File, Format Version 12.00
# Visual Studio Version 18
VisualStudioVersion = 18.9.12128.139
MinimumVisualStudioVersion = 10.0.40219.1
Project("{2150E333-8FDC-42A3-9474-1A3956D46DE8}") = "Solution Items", "Solution Items", "{8CFB0A29-7BAB-4D83-8A3E-7E5ECFC5A8BB}"
	ProjectSection(SolutionItems) = preProject
		.gitignore = .gitignore
		README.md = README.md
	EndProjectSection
EndProject
Project("{2150E333-8FDC-42A3-9474-1A3956D46DE8}") = "src", "src", "{2DD10217-2F58-4782-BBCE-8B9FAB8C2D12}"
EndProject
Project("{2150E333-8FDC-42A3-9474-1A3956D46DE8}") = "tests", "tests", "{B8C35449-3566-47E4-9A3E-86FA6A0792A9}"
EndProject
Project("{FAE04EC0-301F-11D3-BF4B-00C04F79EFBC}") = "Claims.API", "src\Claims.API\Claims.API.csproj", "{71B7BDB4-C675-E679-0956-01C5AD9C338C}"
EndProject
Project("{FAE04EC0-301F-11D3-BF4B-00C04F79EFBC}") = "Claims.UnitTests", "tests\Claims.UnitTests\Claims.UnitTests.csproj", "{A1B2C3D4-E5F6-47A8-9B0C-1D2E3F4A5B6C}"
EndProject
Project("{FAE04EC0-301F-11D3-BF4B-00C04F79EFBC}") = "Claims.IntegrationTests", "tests\Claims.IntegrationTests\Claims.IntegrationTests.csproj", "{B2C3D4E5-F6A7-48B9-0C1D-2E3F4A5B6C7D}"
EndProject
Project("{FAE04EC0-301F-11D3-BF4B-00C04F79EFBC}") = "Claims.Application", "src\Claims.Application\Claims.Application.csproj", "{F2A4E18E-FFFA-49D7-87EF-41CD786B5C3B}"
EndProject
Project("{FAE04EC0-301F-11D3-BF4B-00C04F79EFBC}") = "Claims.Domain", "src\Claims.Domain\Claims.Domain.csproj", "{8A9437CA-B421-4CB2-A87E-9772D5964ABE}"
EndProject
Project("{FAE04EC0-301F-11D3-BF4B-00C04F79EFBC}") = "Claims.Infrastructure", "src\Claims.Infrastructure\Claims.Infrastructure.csproj", "{D9444B25-B27D-425D-A1BF-0D29EC878305}"
EndProject
Global
	GlobalSection(SolutionConfigurationPlatforms) = preSolution
		Debug|Any CPU = Debug|Any CPU
		Release|Any CPU = Release|Any CPU
	EndGlobalSection
	GlobalSection(ProjectConfigurationPlatforms) = postSolution
		{71B7BDB4-C675-E679-0956-01C5AD9C338C}.Debug|Any CPU.ActiveCfg = Debug|Any CPU
		{71B7BDB4-C675-E679-0956-01C5AD9C338C}.Debug|Any CPU.Build.0 = Debug|Any CPU
		{71B7BDB4-C675-E679-0956-01C5AD9C338C}.Release|Any CPU.ActiveCfg = Release|Any CPU
		{71B7BDB4-C675-E679-0956-01C5AD9C338C}.Release|Any CPU.Build.0 = Release|Any CPU
		{A1B2C3D4-E5F6-47A8-9B0C-1D2E3F4A5B6C}.Debug|Any CPU.ActiveCfg = Debug|Any CPU
		{A1B2C3D4-E5F6-47A8-9B0C-1D2E3F4A5B6C}.Debug|Any CPU.Build.0 = Debug|Any CPU
		{A1B2C3D4-E5F6-47A8-9B0C-1D2E3F4A5B6C}.Release|Any CPU.ActiveCfg = Release|Any CPU
		{A1B2C3D4-E5F6-47A8-9B0C-1D2E3F4A5B6C}.Release|Any CPU.Build.0 = Release|Any CPU
		{B2C3D4E5-F6A7-48B9-0C1D-2E3F4A5B6C7D}.Debug|Any CPU.ActiveCfg = Debug|Any CPU
		{B2C3D4E5-F6A7-48B9-0C1D-2E3F4A5B6C7D}.Debug|Any CPU.Build.0 = Debug|Any CPU
		{B2C3D4E5-F6A7-48B9-0C1D-2E3F4A5B6C7D}.Release|Any CPU.ActiveCfg = Release|Any CPU
		{B2C3D4E5-F6A7-48B9-0C1D-2E3F4A5B6C7D}.Release|Any CPU.Build.0 = Release|Any CPU
		{F2A4E18E-FFFA-49D7-87EF-41CD786B5C3B}.Debug|Any CPU.ActiveCfg = Debug|Any CPU
		{F2A4E18E-FFFA-49D7-87EF-41CD786B5C3B}.Debug|Any CPU.Build.0 = Debug|Any CPU
		{F2A4E18E-FFFA-49D7-87EF-41CD786B5C3B}.Release|Any CPU.ActiveCfg = Release|Any CPU
		{F2A4E18E-FFFA-49D7-87EF-41CD786B5C3B}.Release|Any CPU.Build.0 = Release|Any CPU
		{8A9437CA-B421-4CB2-A87E-9772D5964ABE}.Debug|Any CPU.ActiveCfg = Debug|Any CPU
		{8A9437CA-B421-4CB2-A87E-9772D5964ABE}.Debug|Any CPU.Build.0 = Debug|Any CPU
		{8A9437CA-B421-4CB2-A87E-9772D5964ABE}.Release|Any CPU.ActiveCfg = Release|Any CPU
		{8A9437CA-B421-4CB2-A87E-9772D5964ABE}.Release|Any CPU.Build.0 = Release|Any CPU
		{D9444B25-B27D-425D-A1BF-0D29EC878305}.Debug|Any CPU.ActiveCfg = Debug|Any CPU
		{D9444B25-B27D-425D-A1BF-0D29EC878305}.Debug|Any CPU.Build.0 = Debug|Any CPU
		{D9444B25-B27D-425D-A1BF-0D29EC878305}.Release|Any CPU.ActiveCfg = Release|Any CPU
		{D9444B25-B27D-425D-A1BF-0D29EC878305}.Release|Any CPU.Build.0 = Release|Any CPU
	EndGlobalSection
	GlobalSection(SolutionProperties) = preSolution
		HideSolutionNode = FALSE
	EndGlobalSection
	GlobalSection(NestedProjects) = preSolution
		{71B7BDB4-C675-E679-0956-01C5AD9C338C} = {2DD10217-2F58-4782-BBCE-8B9FAB8C2D12}
		{A1B2C3D4-E5F6-47A8-9B0C-1D2E3F4A5B6C} = {B8C35449-3566-47E4-9A3E-86FA6A0792A9}
		{B2C3D4E5-F6A7-48B9-0C1D-2E3F4A5B6C7D} = {B8C35449-3566-47E4-9A3E-86FA6A0792A9}
		{F2A4E18E-FFFA-49D7-87EF-41CD786B5C3B} = {2DD10217-2F58-4782-BBCE-8B9FAB8C2D12}
		{8A9437CA-B421-4CB2-A87E-9772D5964ABE} = {2DD10217-2F58-4782-BBCE-8B9FAB8C2D12}
		{D9444B25-B27D-425D-A1BF-0D29EC878305} = {2DD10217-2F58-4782-BBCE-8B9FAB8C2D12}
	EndGlobalSection
	GlobalSection(ExtensibilityGlobals) = postSolution
		SolutionGuid = {9D4C1340-FBC4-4F35-944F-26237883E032}
	EndGlobalSection
EndGlobal
